// !$*UTF8*$!
{
	archiveVersion = 1;
	classes = {
	};
	objectVersion = 50;
	objects = {

/* Begin PBXBuildFile section */
		FFAFC7D92494DB360098AEBD /* AppDelegate.swift in Sources */ = {isa = PBXBuildFile; fileRef = FFAFC7D82494DB360098AEBD /* AppDelegate.swift */; };
		FFAFC7DB2494DB360098AEBD /* SceneDelegate.swift in Sources */ = {isa = PBXBuildFile; fileRef = FFAFC7DA2494DB360098AEBD /* SceneDelegate.swift */; };
		FFAFC7E22494DB370098AEBD /* Images.xcassets in Resources */ = {isa = PBXBuildFile; fileRef = FFAFC7E12494DB370098AEBD /* Images.xcassets */; };
		FFAFC7E52494DB370098AEBD /* LaunchScreen.storyboard in Resources */ = {isa = PBXBuildFile; fileRef = FFAFC7E32494DB370098AEBD /* LaunchScreen.storyboard */; };
		FFAFC7F52494DED60098AEBD /* TopList.storyboard in Resources */ = {isa = PBXBuildFile; fileRef = FFAFC7F42494DED60098AEBD /* TopList.storyboard */; };
		FFAFC7F72494DEF50098AEBD /* TopListViewController.swift in Sources */ = {isa = PBXBuildFile; fileRef = FFAFC7F62494DEF50098AEBD /* TopListViewController.swift */; };
		FFAFC7FA2494DF9B0098AEBD /* TopListViewModel.swift in Sources */ = {isa = PBXBuildFile; fileRef = FFAFC7F92494DF9B0098AEBD /* TopListViewModel.swift */; };
		FFAFC7FC2494DFB00098AEBD /* TopListCoordinator.swift in Sources */ = {isa = PBXBuildFile; fileRef = FFAFC7FB2494DFB00098AEBD /* TopListCoordinator.swift */; };
		FFAFC7FF2494DFCF0098AEBD /* AppCoordinator.swift in Sources */ = {isa = PBXBuildFile; fileRef = FFAFC7FE2494DFCF0098AEBD /* AppCoordinator.swift */; };
		FFAFC8022494E1060098AEBD /* UIStoryboard+Ext.swift in Sources */ = {isa = PBXBuildFile; fileRef = FFAFC8012494E1060098AEBD /* UIStoryboard+Ext.swift */; };
		FFAFC806249511310098AEBD /* TopListTableViewCell.swift in Sources */ = {isa = PBXBuildFile; fileRef = FFAFC804249511310098AEBD /* TopListTableViewCell.swift */; };
		FFAFC807249511310098AEBD /* TopListTableViewCell.xib in Resources */ = {isa = PBXBuildFile; fileRef = FFAFC805249511310098AEBD /* TopListTableViewCell.xib */; };
		FFAFC809249511710098AEBD /* Reusable.swift in Sources */ = {isa = PBXBuildFile; fileRef = FFAFC808249511710098AEBD /* Reusable.swift */; };
		FFAFC80B24951A970098AEBD /* NetworkService.swift in Sources */ = {isa = PBXBuildFile; fileRef = FFAFC80A24951A970098AEBD /* NetworkService.swift */; };
		FFAFC80D24951AAA0098AEBD /* NetworkError.swift in Sources */ = {isa = PBXBuildFile; fileRef = FFAFC80C24951AAA0098AEBD /* NetworkError.swift */; };
		FFAFC80F24951ADE0098AEBD /* RedditService.swift in Sources */ = {isa = PBXBuildFile; fileRef = FFAFC80E24951ADE0098AEBD /* RedditService.swift */; };
		FFAFC81124951B480098AEBD /* RedditTopResponse.swift in Sources */ = {isa = PBXBuildFile; fileRef = FFAFC81024951B480098AEBD /* RedditTopResponse.swift */; };
		FFAFC81324951F440098AEBD /* UIImage+Ext.swift in Sources */ = {isa = PBXBuildFile; fileRef = FFAFC81224951F440098AEBD /* UIImage+Ext.swift */; };
		FFAFC8152495219D0098AEBD /* Date+Ext.swift in Sources */ = {isa = PBXBuildFile; fileRef = FFAFC8142495219D0098AEBD /* Date+Ext.swift */; };
		FFAFC817249521B50098AEBD /* UITableView+Ext.swift in Sources */ = {isa = PBXBuildFile; fileRef = FFAFC816249521B50098AEBD /* UITableView+Ext.swift */; };
		FFAFC81A249527890098AEBD /* UIView+Ext.swift in Sources */ = {isa = PBXBuildFile; fileRef = FFAFC819249527890098AEBD /* UIView+Ext.swift */; };
		FFAFC820249541A70098AEBD /* ImageDetailsCoordinator.swift in Sources */ = {isa = PBXBuildFile; fileRef = FFAFC81F249541A70098AEBD /* ImageDetailsCoordinator.swift */; };
		FFAFC823249541ED0098AEBD /* ImageDetailsViewModel.swift in Sources */ = {isa = PBXBuildFile; fileRef = FFAFC822249541ED0098AEBD /* ImageDetailsViewModel.swift */; };
		FFAFC825249541FE0098AEBD /* ImageDetailsViewController.swift in Sources */ = {isa = PBXBuildFile; fileRef = FFAFC824249541FE0098AEBD /* ImageDetailsViewController.swift */; };
		FFAFC8272495420C0098AEBD /* ImageDetails.storyboard in Resources */ = {isa = PBXBuildFile; fileRef = FFAFC8262495420C0098AEBD /* ImageDetails.storyboard */; };
		FFAFC82924954C780098AEBD /* String+Ext.swift in Sources */ = {isa = PBXBuildFile; fileRef = FFAFC82824954C780098AEBD /* String+Ext.swift */; };
		FFAFC82B24961A080098AEBD /* AlertService.swift in Sources */ = {isa = PBXBuildFile; fileRef = FFAFC82A24961A080098AEBD /* AlertService.swift */; };
		FFAFC82D24961F7F0098AEBD /* ImageGalleryWriter.swift in Sources */ = {isa = PBXBuildFile; fileRef = FFAFC82C24961F7F0098AEBD /* ImageGalleryWriter.swift */; };
		FFAFC830249626CF0098AEBD /* ImageTypeValidator.swift in Sources */ = {isa = PBXBuildFile; fileRef = FFAFC82F249626CF0098AEBD /* ImageTypeValidator.swift */; };
		FFAFC833249628D20098AEBD /* PhotoLibraryPermissionService.swift in Sources */ = {isa = PBXBuildFile; fileRef = FFAFC832249628D20098AEBD /* PhotoLibraryPermissionService.swift */; };
/* End PBXBuildFile section */

/* Begin PBXFileReference section */
		FFAFC7D52494DB360098AEBD /* RaketaTakeHomeProject.app */ = {isa = PBXFileReference; explicitFileType = wrapper.application; includeInIndex = 0; path = RaketaTakeHomeProject.app; sourceTree = BUILT_PRODUCTS_DIR; };
		FFAFC7D82494DB360098AEBD /* AppDelegate.swift */ = {isa = PBXFileReference; lastKnownFileType = sourcecode.swift; path = AppDelegate.swift; sourceTree = "<group>"; };
		FFAFC7DA2494DB360098AEBD /* SceneDelegate.swift */ = {isa = PBXFileReference; lastKnownFileType = sourcecode.swift; path = SceneDelegate.swift; sourceTree = "<group>"; };
		FFAFC7E12494DB370098AEBD /* Images.xcassets */ = {isa = PBXFileReference; lastKnownFileType = folder.assetcatalog; path = Images.xcassets; sourceTree = "<group>"; };
		FFAFC7E42494DB370098AEBD /* Base */ = {isa = PBXFileReference; lastKnownFileType = file.storyboard; name = Base; path = Base.lproj/LaunchScreen.storyboard; sourceTree = "<group>"; };
		FFAFC7E62494DB370098AEBD /* Info.plist */ = {isa = PBXFileReference; lastKnownFileType = text.plist.xml; name = Info.plist; path = "RaketaTakeHomeProject/Supporting files/Info.plist"; sourceTree = SOURCE_ROOT; };
		FFAFC7F42494DED60098AEBD /* TopList.storyboard */ = {isa = PBXFileReference; lastKnownFileType = file.storyboard; path = TopList.storyboard; sourceTree = "<group>"; };
		FFAFC7F62494DEF50098AEBD /* TopListViewController.swift */ = {isa = PBXFileReference; lastKnownFileType = sourcecode.swift; path = TopListViewController.swift; sourceTree = "<group>"; };
		FFAFC7F92494DF9B0098AEBD /* TopListViewModel.swift */ = {isa = PBXFileReference; lastKnownFileType = sourcecode.swift; path = TopListViewModel.swift; sourceTree = "<group>"; };
		FFAFC7FB2494DFB00098AEBD /* TopListCoordinator.swift */ = {isa = PBXFileReference; lastKnownFileType = sourcecode.swift; path = TopListCoordinator.swift; sourceTree = "<group>"; };
		FFAFC7FE2494DFCF0098AEBD /* AppCoordinator.swift */ = {isa = PBXFileReference; lastKnownFileType = sourcecode.swift; path = AppCoordinator.swift; sourceTree = "<group>"; };
		FFAFC8012494E1060098AEBD /* UIStoryboard+Ext.swift */ = {isa = PBXFileReference; lastKnownFileType = sourcecode.swift; path = "UIStoryboard+Ext.swift"; sourceTree = "<group>"; };
		FFAFC804249511310098AEBD /* TopListTableViewCell.swift */ = {isa = PBXFileReference; lastKnownFileType = sourcecode.swift; path = TopListTableViewCell.swift; sourceTree = "<group>"; };
		FFAFC805249511310098AEBD /* TopListTableViewCell.xib */ = {isa = PBXFileReference; lastKnownFileType = file.xib; path = TopListTableViewCell.xib; sourceTree = "<group>"; };
		FFAFC808249511710098AEBD /* Reusable.swift */ = {isa = PBXFileReference; lastKnownFileType = sourcecode.swift; path = Reusable.swift; sourceTree = "<group>"; };
		FFAFC80A24951A970098AEBD /* NetworkService.swift */ = {isa = PBXFileReference; lastKnownFileType = sourcecode.swift; path = NetworkService.swift; sourceTree = "<group>"; };
		FFAFC80C24951AAA0098AEBD /* NetworkError.swift */ = {isa = PBXFileReference; lastKnownFileType = sourcecode.swift; path = NetworkError.swift; sourceTree = "<group>"; };
		FFAFC80E24951ADE0098AEBD /* RedditService.swift */ = {isa = PBXFileReference; lastKnownFileType = sourcecode.swift; path = RedditService.swift; sourceTree = "<group>"; };
		FFAFC81024951B480098AEBD /* RedditTopResponse.swift */ = {isa = PBXFileReference; lastKnownFileType = sourcecode.swift; path = RedditTopResponse.swift; sourceTree = "<group>"; };
		FFAFC81224951F440098AEBD /* UIImage+Ext.swift */ = {isa = PBXFileReference; lastKnownFileType = sourcecode.swift; path = "UIImage+Ext.swift"; sourceTree = "<group>"; };
		FFAFC8142495219D0098AEBD /* Date+Ext.swift */ = {isa = PBXFileReference; lastKnownFileType = sourcecode.swift; path = "Date+Ext.swift"; sourceTree = "<group>"; };
		FFAFC816249521B50098AEBD /* UITableView+Ext.swift */ = {isa = PBXFileReference; lastKnownFileType = sourcecode.swift; path = "UITableView+Ext.swift"; sourceTree = "<group>"; };
		FFAFC819249527890098AEBD /* UIView+Ext.swift */ = {isa = PBXFileReference; lastKnownFileType = sourcecode.swift; path = "UIView+Ext.swift"; sourceTree = "<group>"; };
		FFAFC81F249541A70098AEBD /* ImageDetailsCoordinator.swift */ = {isa = PBXFileReference; lastKnownFileType = sourcecode.swift; path = ImageDetailsCoordinator.swift; sourceTree = "<group>"; };
		FFAFC822249541ED0098AEBD /* ImageDetailsViewModel.swift */ = {isa = PBXFileReference; lastKnownFileType = sourcecode.swift; path = ImageDetailsViewModel.swift; sourceTree = "<group>"; };
		FFAFC824249541FE0098AEBD /* ImageDetailsViewController.swift */ = {isa = PBXFileReference; lastKnownFileType = sourcecode.swift; path = ImageDetailsViewController.swift; sourceTree = "<group>"; };
		FFAFC8262495420C0098AEBD /* ImageDetails.storyboard */ = {isa = PBXFileReference; lastKnownFileType = file.storyboard; path = ImageDetails.storyboard; sourceTree = "<group>"; };
		FFAFC82824954C780098AEBD /* String+Ext.swift */ = {isa = PBXFileReference; lastKnownFileType = sourcecode.swift; path = "String+Ext.swift"; sourceTree = "<group>"; };
		FFAFC82A24961A080098AEBD /* AlertService.swift */ = {isa = PBXFileReference; lastKnownFileType = sourcecode.swift; path = AlertService.swift; sourceTree = "<group>"; };
		FFAFC82C24961F7F0098AEBD /* ImageGalleryWriter.swift */ = {isa = PBXFileReference; lastKnownFileType = sourcecode.swift; path = ImageGalleryWriter.swift; sourceTree = "<group>"; };
		FFAFC82F249626CF0098AEBD /* ImageTypeValidator.swift */ = {isa = PBXFileReference; lastKnownFileType = sourcecode.swift; path = ImageTypeValidator.swift; sourceTree = "<group>"; };
		FFAFC832249628D20098AEBD /* PhotoLibraryPermissionService.swift */ = {isa = PBXFileReference; lastKnownFileType = sourcecode.swift; path = PhotoLibraryPermissionService.swift; sourceTree = "<group>"; };
/* End PBXFileReference section */

/* Begin PBXFrameworksBuildPhase section */
		FFAFC7D22494DB360098AEBD /* Frameworks */ = {
			isa = PBXFrameworksBuildPhase;
			buildActionMask = 2147483647;
			files = (
			);
			runOnlyForDeploymentPostprocessing = 0;
		};
/* End PBXFrameworksBuildPhase section */

/* Begin PBXGroup section */
		FFAFC7CC2494DB360098AEBD = {
			isa = PBXGroup;
			children = (
				FFAFC7EC2494DC130098AEBD /* Constants */,
				FFAFC7ED2494DC1F0098AEBD /* Resources */,
				FFAFC7D72494DB360098AEBD /* RaketaTakeHomeProject */,
				FFAFC7D62494DB360098AEBD /* Products */,
			);
			sourceTree = "<group>";
		};
		FFAFC7D62494DB360098AEBD /* Products */ = {
			isa = PBXGroup;
			children = (
				FFAFC7D52494DB360098AEBD /* RaketaTakeHomeProject.app */,
			);
			name = Products;
			sourceTree = "<group>";
		};
		FFAFC7D72494DB360098AEBD /* RaketaTakeHomeProject */ = {
			isa = PBXGroup;
			children = (
				FFAFC7D82494DB360098AEBD /* AppDelegate.swift */,
				FFAFC7DA2494DB360098AEBD /* SceneDelegate.swift */,
				FFAFC7E32494DB370098AEBD /* LaunchScreen.storyboard */,
				FFAFC7F02494DC3A0098AEBD /* Network */,
				FFAFC8312496288F0098AEBD /* Service */,
				FFAFC7EF2494DC340098AEBD /* App */,
				FFAFC7F12494DC400098AEBD /* Helpers */,
				FFAFC7F22494DC5A0098AEBD /* Supporting files */,
			);
			path = RaketaTakeHomeProject;
			sourceTree = "<group>";
		};
		FFAFC7EC2494DC130098AEBD /* Constants */ = {
			isa = PBXGroup;
			children = (
			);
			path = Constants;
			sourceTree = "<group>";
		};
		FFAFC7ED2494DC1F0098AEBD /* Resources */ = {
			isa = PBXGroup;
			children = (
				FFAFC7EE2494DC270098AEBD /* Images */,
			);
			path = Resources;
			sourceTree = "<group>";
		};
		FFAFC7EE2494DC270098AEBD /* Images */ = {
			isa = PBXGroup;
			children = (
				FFAFC7E12494DB370098AEBD /* Images.xcassets */,
			);
			path = Images;
			sourceTree = "<group>";
		};
		FFAFC7EF2494DC340098AEBD /* App */ = {
			isa = PBXGroup;
			children = (
				FFAFC7F32494DEB20098AEBD /* TopList */,
				FFAFC81E2495417A0098AEBD /* ImageDetails */,
				FFAFC82E249626B80098AEBD /* Validators */,
				FFAFC7FE2494DFCF0098AEBD /* AppCoordinator.swift */,
			);
			path = App;
			sourceTree = "<group>";
		};
		FFAFC7F02494DC3A0098AEBD /* Network */ = {
			isa = PBXGroup;
			children = (
				FFAFC80A24951A970098AEBD /* NetworkService.swift */,
				FFAFC80C24951AAA0098AEBD /* NetworkError.swift */,
				FFAFC818249525F20098AEBD /* Reddit */,
			);
			path = Network;
			sourceTree = "<group>";
		};
		FFAFC7F12494DC400098AEBD /* Helpers */ = {
			isa = PBXGroup;
			children = (
				FFAFC8002494E0EF0098AEBD /* Extensions */,
			);
			path = Helpers;
			sourceTree = "<group>";
		};
		FFAFC7F22494DC5A0098AEBD /* Supporting files */ = {
			isa = PBXGroup;
			children = (
				FFAFC7E62494DB370098AEBD /* Info.plist */,
			);
			path = "Supporting files";
			sourceTree = "<group>";
		};
		FFAFC7F32494DEB20098AEBD /* TopList */ = {
			isa = PBXGroup;
			children = (
				FFAFC7FB2494DFB00098AEBD /* TopListCoordinator.swift */,
				FFAFC7F82494DF890098AEBD /* TopListViewController */,
				FFAFC7F42494DED60098AEBD /* TopList.storyboard */,
			);
			path = TopList;
			sourceTree = "<group>";
		};
		FFAFC7F82494DF890098AEBD /* TopListViewController */ = {
			isa = PBXGroup;
			children = (
				FFAFC7F92494DF9B0098AEBD /* TopListViewModel.swift */,
				FFAFC7F62494DEF50098AEBD /* TopListViewController.swift */,
				FFAFC803249511170098AEBD /* Cell */,
			);
			path = TopListViewController;
			sourceTree = "<group>";
		};
		FFAFC8002494E0EF0098AEBD /* Extensions */ = {
			isa = PBXGroup;
			children = (
				FFAFC808249511710098AEBD /* Reusable.swift */,
				FFAFC8012494E1060098AEBD /* UIStoryboard+Ext.swift */,
				FFAFC81224951F440098AEBD /* UIImage+Ext.swift */,
				FFAFC819249527890098AEBD /* UIView+Ext.swift */,
				FFAFC816249521B50098AEBD /* UITableView+Ext.swift */,
				FFAFC8142495219D0098AEBD /* Date+Ext.swift */,
				FFAFC82824954C780098AEBD /* String+Ext.swift */,
			);
			path = Extensions;
			sourceTree = "<group>";
		};
		FFAFC803249511170098AEBD /* Cell */ = {
			isa = PBXGroup;
			children = (
				FFAFC804249511310098AEBD /* TopListTableViewCell.swift */,
				FFAFC805249511310098AEBD /* TopListTableViewCell.xib */,
			);
			path = Cell;
			sourceTree = "<group>";
		};
		FFAFC818249525F20098AEBD /* Reddit */ = {
			isa = PBXGroup;
			children = (
				FFAFC80E24951ADE0098AEBD /* RedditService.swift */,
				FFAFC81024951B480098AEBD /* RedditTopResponse.swift */,
			);
			path = Reddit;
			sourceTree = "<group>";
		};
		FFAFC81E2495417A0098AEBD /* ImageDetails */ = {
			isa = PBXGroup;
			children = (
				FFAFC81F249541A70098AEBD /* ImageDetailsCoordinator.swift */,
				FFAFC821249541DB0098AEBD /* ImageDetailsViewController */,
				FFAFC8262495420C0098AEBD /* ImageDetails.storyboard */,
			);
			path = ImageDetails;
			sourceTree = "<group>";
		};
		FFAFC821249541DB0098AEBD /* ImageDetailsViewController */ = {
			isa = PBXGroup;
			children = (
				FFAFC822249541ED0098AEBD /* ImageDetailsViewModel.swift */,
				FFAFC824249541FE0098AEBD /* ImageDetailsViewController.swift */,
			);
			path = ImageDetailsViewController;
			sourceTree = "<group>";
		};
		FFAFC82E249626B80098AEBD /* Validators */ = {
			isa = PBXGroup;
			children = (
				FFAFC82F249626CF0098AEBD /* ImageTypeValidator.swift */,
			);
			path = Validators;
			sourceTree = "<group>";
		};
		FFAFC8312496288F0098AEBD /* Service */ = {
			isa = PBXGroup;
			children = (
				FFAFC82A24961A080098AEBD /* AlertService.swift */,
				FFAFC82C24961F7F0098AEBD /* ImageGalleryWriter.swift */,
				FFAFC832249628D20098AEBD /* PhotoLibraryPermissionService.swift */,
			);
			path = Service;
			sourceTree = "<group>";
		};
/* End PBXGroup section */

/* Begin PBXNativeTarget section */
		FFAFC7D42494DB360098AEBD /* RaketaTakeHomeProject */ = {
			isa = PBXNativeTarget;
			buildConfigurationList = FFAFC7E92494DB370098AEBD /* Build configuration list for PBXNativeTarget "RaketaTakeHomeProject" */;
			buildPhases = (
				FFAFC7D12494DB360098AEBD /* Sources */,
				FFAFC7D22494DB360098AEBD /* Frameworks */,
				FFAFC7D32494DB360098AEBD /* Resources */,
			);
			buildRules = (
			);
			dependencies = (
			);
			name = RaketaTakeHomeProject;
			productName = RaketaTakeHomeProject;
			productReference = FFAFC7D52494DB360098AEBD /* RaketaTakeHomeProject.app */;
			productType = "com.apple.product-type.application";
		};
/* End PBXNativeTarget section */

/* Begin PBXProject section */
		FFAFC7CD2494DB360098AEBD /* Project object */ = {
			isa = PBXProject;
			attributes = {
				LastSwiftUpdateCheck = 1150;
				LastUpgradeCheck = 1150;
				ORGANIZATIONNAME = "Sergey Yelmanov";
				TargetAttributes = {
					FFAFC7D42494DB360098AEBD = {
						CreatedOnToolsVersion = 11.5;
					};
				};
			};
			buildConfigurationList = FFAFC7D02494DB360098AEBD /* Build configuration list for PBXProject "RaketaTakeHomeProject" */;
			compatibilityVersion = "Xcode 9.3";
			developmentRegion = en;
			hasScannedForEncodings = 0;
			knownRegions = (
				en,
				Base,
			);
			mainGroup = FFAFC7CC2494DB360098AEBD;
			productRefGroup = FFAFC7D62494DB360098AEBD /* Products */;
			projectDirPath = "";
			projectRoot = "";
			targets = (
				FFAFC7D42494DB360098AEBD /* RaketaTakeHomeProject */,
			);
		};
/* End PBXProject section */

/* Begin PBXResourcesBuildPhase section */
		FFAFC7D32494DB360098AEBD /* Resources */ = {
			isa = PBXResourcesBuildPhase;
			buildActionMask = 2147483647;
			files = (
				FFAFC7E52494DB370098AEBD /* LaunchScreen.storyboard in Resources */,
				FFAFC7F52494DED60098AEBD /* TopList.storyboard in Resources */,
				FFAFC7E22494DB370098AEBD /* Images.xcassets in Resources */,
				FFAFC807249511310098AEBD /* TopListTableViewCell.xib in Resources */,
				FFAFC8272495420C0098AEBD /* ImageDetails.storyboard in Resources */,
			);
			runOnlyForDeploymentPostprocessing = 0;
		};
/* End PBXResourcesBuildPhase section */

/* Begin PBXSourcesBuildPhase section */
		FFAFC7D12494DB360098AEBD /* Sources */ = {
			isa = PBXSourcesBuildPhase;
			buildActionMask = 2147483647;
			files = (
				FFAFC82B24961A080098AEBD /* AlertService.swift in Sources */,
				FFAFC81A249527890098AEBD /* UIView+Ext.swift in Sources */,
				FFAFC80B24951A970098AEBD /* NetworkService.swift in Sources */,
				FFAFC81124951B480098AEBD /* RedditTopResponse.swift in Sources */,
				FFAFC7FF2494DFCF0098AEBD /* AppCoordinator.swift in Sources */,
				FFAFC7FA2494DF9B0098AEBD /* TopListViewModel.swift in Sources */,
				FFAFC830249626CF0098AEBD /* ImageTypeValidator.swift in Sources */,
				FFAFC7F72494DEF50098AEBD /* TopListViewController.swift in Sources */,
				FFAFC809249511710098AEBD /* Reusable.swift in Sources */,
				FFAFC833249628D20098AEBD /* PhotoLibraryPermissionService.swift in Sources */,
				FFAFC8022494E1060098AEBD /* UIStoryboard+Ext.swift in Sources */,
				FFAFC81324951F440098AEBD /* UIImage+Ext.swift in Sources */,
				FFAFC7D92494DB360098AEBD /* AppDelegate.swift in Sources */,
				FFAFC82D24961F7F0098AEBD /* ImageGalleryWriter.swift in Sources */,
				FFAFC8152495219D0098AEBD /* Date+Ext.swift in Sources */,
				FFAFC7DB2494DB360098AEBD /* SceneDelegate.swift in Sources */,
				FFAFC7FC2494DFB00098AEBD /* TopListCoordinator.swift in Sources */,
				FFAFC823249541ED0098AEBD /* ImageDetailsViewModel.swift in Sources */,
				FFAFC825249541FE0098AEBD /* ImageDetailsViewController.swift in Sources */,
				FFAFC82924954C780098AEBD /* String+Ext.swift in Sources */,
				FFAFC80D24951AAA0098AEBD /* NetworkError.swift in Sources */,
				FFAFC817249521B50098AEBD /* UITableView+Ext.swift in Sources */,
				FFAFC820249541A70098AEBD /* ImageDetailsCoordinator.swift in Sources */,
				FFAFC806249511310098AEBD /* TopListTableViewCell.swift in Sources */,
				FFAFC80F24951ADE0098AEBD /* RedditService.swift in Sources */,
			);
			runOnlyForDeploymentPostprocessing = 0;
		};
/* End PBXSourcesBuildPhase section */

/* Begin PBXVariantGroup section */
		FFAFC7E32494DB370098AEBD /* LaunchScreen.storyboard */ = {
			isa = PBXVariantGroup;
			children = (
				FFAFC7E42494DB370098AEBD /* Base */,
			);
			name = LaunchScreen.storyboard;
			sourceTree = "<group>";
		};
/* End PBXVariantGroup section */

/* Begin XCBuildConfiguration section */
		FFAFC7E72494DB370098AEBD /* Debug */ = {
			isa = XCBuildConfiguration;
			buildSettings = {
				ALWAYS_SEARCH_USER_PATHS = NO;
				CLANG_ANALYZER_NONNULL = YES;
				CLANG_ANALYZER_NUMBER_OBJECT_CONVERSION = YES_AGGRESSIVE;
				CLANG_CXX_LANGUAGE_STANDARD = "gnu++14";
				CLANG_CXX_LIBRARY = "libc++";
				CLANG_ENABLE_MODULES = YES;
				CLANG_ENABLE_OBJC_ARC = YES;
				CLANG_ENABLE_OBJC_WEAK = YES;
				CLANG_WARN_BLOCK_CAPTURE_AUTORELEASING = YES;
				CLANG_WARN_BOOL_CONVERSION = YES;
				CLANG_WARN_COMMA = YES;
				CLANG_WARN_CONSTANT_CONVERSION = YES;
				CLANG_WARN_DEPRECATED_OBJC_IMPLEMENTATIONS = YES;
				CLANG_WARN_DIRECT_OBJC_ISA_USAGE = YES_ERROR;
				CLANG_WARN_DOCUMENTATION_COMMENTS = YES;
				CLANG_WARN_EMPTY_BODY = YES;
				CLANG_WARN_ENUM_CONVERSION = YES;
				CLANG_WARN_INFINITE_RECURSION = YES;
				CLANG_WARN_INT_CONVERSION = YES;
				CLANG_WARN_NON_LITERAL_NULL_CONVERSION = YES;
				CLANG_WARN_OBJC_IMPLICIT_RETAIN_SELF = YES;
				CLANG_WARN_OBJC_LITERAL_CONVERSION = YES;
				CLANG_WARN_OBJC_ROOT_CLASS = YES_ERROR;
				CLANG_WARN_RANGE_LOOP_ANALYSIS = YES;
				CLANG_WARN_STRICT_PROTOTYPES = YES;
				CLANG_WARN_SUSPICIOUS_MOVE = YES;
				CLANG_WARN_UNGUARDED_AVAILABILITY = YES_AGGRESSIVE;
				CLANG_WARN_UNREACHABLE_CODE = YES;
				CLANG_WARN__DUPLICATE_METHOD_MATCH = YES;
				COPY_PHASE_STRIP = NO;
				DEBUG_INFORMATION_FORMAT = dwarf;
				ENABLE_STRICT_OBJC_MSGSEND = YES;
				ENABLE_TESTABILITY = YES;
				GCC_C_LANGUAGE_STANDARD = gnu11;
				GCC_DYNAMIC_NO_PIC = NO;
				GCC_NO_COMMON_BLOCKS = YES;
				GCC_OPTIMIZATION_LEVEL = 0;
				GCC_PREPROCESSOR_DEFINITIONS = (
					"DEBUG=1",
					"$(inherited)",
				);
				GCC_WARN_64_TO_32_BIT_CONVERSION = YES;
				GCC_WARN_ABOUT_RETURN_TYPE = YES_ERROR;
				GCC_WARN_UNDECLARED_SELECTOR = YES;
				GCC_WARN_UNINITIALIZED_AUTOS = YES_AGGRESSIVE;
				GCC_WARN_UNUSED_FUNCTION = YES;
				GCC_WARN_UNUSED_VARIABLE = YES;
				IPHONEOS_DEPLOYMENT_TARGET = 13.5;
				MTL_ENABLE_DEBUG_INFO = INCLUDE_SOURCE;
				MTL_FAST_MATH = YES;
				ONLY_ACTIVE_ARCH = YES;
				SDKROOT = iphoneos;
				SWIFT_ACTIVE_COMPILATION_CONDITIONS = DEBUG;
				SWIFT_OPTIMIZATION_LEVEL = "-Onone";
			};
			name = Debug;
		};
		FFAFC7E82494DB370098AEBD /* Release */ = {
			isa = XCBuildConfiguration;
			buildSettings = {
				ALWAYS_SEARCH_USER_PATHS = NO;
				CLANG_ANALYZER_NONNULL = YES;
				CLANG_ANALYZER_NUMBER_OBJECT_CONVERSION = YES_AGGRESSIVE;
				CLANG_CXX_LANGUAGE_STANDARD = "gnu++14";
				CLANG_CXX_LIBRARY = "libc++";
				CLANG_ENABLE_MODULES = YES;
				CLANG_ENABLE_OBJC_ARC = YES;
				CLANG_ENABLE_OBJC_WEAK = YES;
				CLANG_WARN_BLOCK_CAPTURE_AUTORELEASING = YES;
				CLANG_WARN_BOOL_CONVERSION = YES;
				CLANG_WARN_COMMA = YES;
				CLANG_WARN_CONSTANT_CONVERSION = YES;
				CLANG_WARN_DEPRECATED_OBJC_IMPLEMENTATIONS = YES;
				CLANG_WARN_DIRECT_OBJC_ISA_USAGE = YES_ERROR;
				CLANG_WARN_DOCUMENTATION_COMMENTS = YES;
				CLANG_WARN_EMPTY_BODY = YES;
				CLANG_WARN_ENUM_CONVERSION = YES;
				CLANG_WARN_INFINITE_RECURSION = YES;
				CLANG_WARN_INT_CONVERSION = YES;
				CLANG_WARN_NON_LITERAL_NULL_CONVERSION = YES;
				CLANG_WARN_OBJC_IMPLICIT_RETAIN_SELF = YES;
				CLANG_WARN_OBJC_LITERAL_CONVERSION = YES;
				CLANG_WARN_OBJC_ROOT_CLASS = YES_ERROR;
				CLANG_WARN_RANGE_LOOP_ANALYSIS = YES;
				CLANG_WARN_STRICT_PROTOTYPES = YES;
				CLANG_WARN_SUSPICIOUS_MOVE = YES;
				CLANG_WARN_UNGUARDED_AVAILABILITY = YES_AGGRESSIVE;
				CLANG_WARN_UNREACHABLE_CODE = YES;
				CLANG_WARN__DUPLICATE_METHOD_MATCH = YES;
				COPY_PHASE_STRIP = NO;
				DEBUG_INFORMATION_FORMAT = "dwarf-with-dsym";
				ENABLE_NS_ASSERTIONS = NO;
				ENABLE_STRICT_OBJC_MSGSEND = YES;
				GCC_C_LANGUAGE_STANDARD = gnu11;
				GCC_NO_COMMON_BLOCKS = YES;
				GCC_WARN_64_TO_32_BIT_CONVERSION = YES;
				GCC_WARN_ABOUT_RETURN_TYPE = YES_ERROR;
				GCC_WARN_UNDECLARED_SELECTOR = YES;
				GCC_WARN_UNINITIALIZED_AUTOS = YES_AGGRESSIVE;
				GCC_WARN_UNUSED_FUNCTION = YES;
				GCC_WARN_UNUSED_VARIABLE = YES;
				IPHONEOS_DEPLOYMENT_TARGET = 13.5;
				MTL_ENABLE_DEBUG_INFO = NO;
				MTL_FAST_MATH = YES;
				SDKROOT = iphoneos;
				SWIFT_COMPILATION_MODE = wholemodule;
				SWIFT_OPTIMIZATION_LEVEL = "-O";
				VALIDATE_PRODUCT = YES;
			};
			name = Release;
		};
		FFAFC7EA2494DB370098AEBD /* Debug */ = {
			isa = XCBuildConfiguration;
			buildSettings = {
				ASSETCATALOG_COMPILER_APPICON_NAME = AppIcon;
				CODE_SIGN_STYLE = Automatic;
				DEVELOPMENT_TEAM = HJ5AVFBKU5;
				INFOPLIST_FILE = "RaketaTakeHomeProject/Supporting files/Info.plist";
				LD_RUNPATH_SEARCH_PATHS = (
					"$(inherited)",
					"@executable_path/Frameworks",
				);
				PRODUCT_BUNDLE_IDENTIFIER = sergey.yelmanov.RaketaTakeHomeProject.RaketaTakeHomeProject;
				PRODUCT_NAME = "$(TARGET_NAME)";
				SWIFT_VERSION = 5.0;
				TARGETED_DEVICE_FAMILY = "1,2";
			};
			name = Debug;
		};
		FFAFC7EB2494DB370098AEBD /* Release */ = {
			isa = XCBuildConfiguration;
			buildSettings = {
				ASSETCATALOG_COMPILER_APPICON_NAME = AppIcon;
				CODE_SIGN_STYLE = Automatic;
				DEVELOPMENT_TEAM = HJ5AVFBKU5;
				INFOPLIST_FILE = "RaketaTakeHomeProject/Supporting files/Info.plist";
				LD_RUNPATH_SEARCH_PATHS = (
					"$(inherited)",
					"@executable_path/Frameworks",
				);
				PRODUCT_BUNDLE_IDENTIFIER = sergey.yelmanov.RaketaTakeHomeProject.RaketaTakeHomeProject;
				PRODUCT_NAME = "$(TARGET_NAME)";
				SWIFT_VERSION = 5.0;
				TARGETED_DEVICE_FAMILY = "1,2";
			};
			name = Release;
		};
/* End XCBuildConfiguration section */

/* Begin XCConfigurationList section */
		FFAFC7D02494DB360098AEBD /* Build configuration list for PBXProject "RaketaTakeHomeProject" */ = {
			isa = XCConfigurationList;
			buildConfigurations = (
				FFAFC7E72494DB370098AEBD /* Debug */,
				FFAFC7E82494DB370098AEBD /* Release */,
			);
			defaultConfigurationIsVisible = 0;
			defaultConfigurationName = Release;
		};
		FFAFC7E92494DB370098AEBD /* Build configuration list for PBXNativeTarget "RaketaTakeHomeProject" */ = {
			isa = XCConfigurationList;
			buildConfigurations = (
				FFAFC7EA2494DB370098AEBD /* Debug */,
				FFAFC7EB2494DB370098AEBD /* Release */,
			);
			defaultConfigurationIsVisible = 0;
			defaultConfigurationName = Release;
		};
/* End XCConfigurationList section */
	};
	rootObject = FFAFC7CD2494DB360098AEBD /* Project object */;
}
